
Microsoft Visual Studio Solution File, Format Version 11.00
# Visual Studio 2010
Project("{FAE04EC0-301F-11D3-BF4B-00C04F79EFBC}") = "Baby Forest", "Assembly-CSharp.csproj", "{465CED37-18A9-9B2A-95C6-19D9F5830BEC}"
EndProject
Project("{FAE04EC0-301F-11D3-BF4B-00C04F79EFBC}") = "Baby Forest", "Assembly-CSharp-Editor.csproj", "{FDBCD7C0-E011-F443-AE45-24D3EA1B41D4}"
EndProject
Global
	GlobalSection(SolutionConfigurationPlatforms) = preSolution
		Debug|Any CPU = Debug|Any CPU
		Release|Any CPU = Release|Any CPU
	EndGlobalSection
	GlobalSection(ProjectConfigurationPlatforms) = postSolution
		{465CED37-18A9-9B2A-95C6-19D9F5830BEC}.Debug|Any CPU.ActiveCfg = Debug|Any CPU
		{465CED37-18A9-9B2A-95C6-19D9F5830BEC}.Debug|Any CPU.Build.0 = Debug|Any CPU
		{465CED37-18A9-9B2A-95C6-19D9F5830BEC}.Release|Any CPU.ActiveCfg = Release|Any CPU
		{465CED37-18A9-9B2A-95C6-19D9F5830BEC}.Release|Any CPU.Build.0 = Release|Any CPU
		{FDBCD7C0-E011-F443-AE45-24D3EA1B41D4}.Debug|Any CPU.ActiveCfg = Debug|Any CPU
		{FDBCD7C0-E011-F443-AE45-24D3EA1B41D4}.Debug|Any CPU.Build.0 = Debug|Any CPU
		{FDBCD7C0-E011-F443-AE45-24D3EA1B41D4}.Release|Any CPU.ActiveCfg = Release|Any CPU
		{FDBCD7C0-E011-F443-AE45-24D3EA1B41D4}.Release|Any CPU.Build.0 = Release|Any CPU
	EndGlobalSection
	GlobalSection(SolutionProperties) = preSolution
		HideSolutionNode = FALSE
	EndGlobalSection
	GlobalSection(MonoDevelopProperties) = preSolution
		StartupItem = Assembly-CSharp.csproj
	EndGlobalSection
EndGlobal
